
Microsoft Visual Studio Solution File, Format Version 12.00
# Visual Studio Version 17
VisualStudioVersion = 17.14.36518.9 d17.14
MinimumVisualStudioVersion = 10.0.40219.1
Project("{FAE04EC0-301F-11D3-BF4B-00C04F79EFBC}") = "Lab05", "Lab05.csproj", "{AE9FA940-9B55-429D-A5CB-54B57AE542A5}"
EndProject
Global
	GlobalSection(SolutionConfigurationPlatforms) = preSolution
		Debug|Any CPU = Debug|Any CPU
		Release|Any CPU = Release|Any CPU
	EndGlobalSection
	GlobalSection(ProjectConfigurationPlatforms) = postSolution
		{AE9FA940-9B55-429D-A5CB-54B57AE542A5}.Debug|Any CPU.ActiveCfg = Debug|Any CPU
		{AE9FA940-9B55-429D-A5CB-54B57AE542A5}.Debug|Any CPU.Build.0 = Debug|Any CPU
		{AE9FA940-9B55-429D-A5CB-54B57AE542A5}.Release|Any CPU.ActiveCfg = Release|Any CPU
		{AE9FA940-9B55-429D-A5CB-54B57AE542A5}.Release|Any CPU.Build.0 = Release|Any CPU
	EndGlobalSection
	GlobalSection(SolutionProperties) = preSolution
		HideSolutionNode = FALSE
	EndGlobalSection
	GlobalSection(ExtensibilityGlobals) = postSolution
		SolutionGuid = {0771F962-8827-430C-8C67-673F531F522D}
	EndGlobalSection
EndGlobal
